
Microsoft Visual Studio Solution File, Format Version 12.00
# Visual Studio Version 17
VisualStudioVersion = 17.4.33205.214
MinimumVisualStudioVersion = 10.0.40219.1
Project("{9A19103F-16F7-4668-BE54-9A1E7A4F7556}") = "UDP Audio Transmission", "UDP Audio Transmission\UDP Audio Transmission.csproj", "{661EC737-B3CF-4A3E-9460-81A920D5DA2A}"
EndProject
Global
	GlobalSection(SolutionConfigurationPlatforms) = preSolution
		Debug|Any CPU = Debug|Any CPU
		Release|Any CPU = Release|Any CPU
	EndGlobalSection
	GlobalSection(ProjectConfigurationPlatforms) = postSolution
		{661EC737-B3CF-4A3E-9460-81A920D5DA2A}.Debug|Any CPU.ActiveCfg = Debug|Any CPU
		{661EC737-B3CF-4A3E-9460-81A920D5DA2A}.Debug|Any CPU.Build.0 = Debug|Any CPU
		{661EC737-B3CF-4A3E-9460-81A920D5DA2A}.Release|Any CPU.ActiveCfg = Release|Any CPU
		{661EC737-B3CF-4A3E-9460-81A920D5DA2A}.Release|Any CPU.Build.0 = Release|Any CPU
	EndGlobalSection
	GlobalSection(SolutionProperties) = preSolution
		HideSolutionNode = FALSE
	EndGlobalSection
	GlobalSection(ExtensibilityGlobals) = postSolution
		SolutionGuid = {0AEA4283-E60A-4BC7-BF01-A8ABD353C1CA}
	EndGlobalSection
EndGlobal
